// !$*UTF8*$!
{
	archiveVersion = 1;
	classes = {
	};
	objectVersion = 77;
	objects = {

/* Begin PBXBuildFile section */
		0105F2DADC283A35697C9F69 /* PentaphorApp.swift in Sources */ = {isa = PBXBuildFile; fileRef = 040B0985E1384ACEB384EC84 /* PentaphorApp.swift */; };
		0AE200394280A29CCDF609D0 /* bathroom-cleaning.png in Resources */ = {isa = PBXBuildFile; fileRef = AD805FD3695414F65788E155 /* bathroom-cleaning.png */; };
		11E3C3A51166CBCDE764CABD /* badminton.png in Resources */ = {isa = PBXBuildFile; fileRef = C3D45FCDA547D3381A7E4BFB /* badminton.png */; };
		158E20FCC6EF40A81EADFCDB /* coding.png in Resources */ = {isa = PBXBuildFile; fileRef = 281C34C5F43E5FFC44849622 /* coding.png */; };
		161C97AFCAB7059AD69BF06E /* recycling.png in Resources */ = {isa = PBXBuildFile; fileRef = BF80E971EB404A61EC0B3DAA /* recycling.png */; };
		17DD074E52CD5D1A44415072 /* WeeklyRecapCoordinator.swift in Sources */ = {isa = PBXBuildFile; fileRef = FE37080B8CC04C1AE5D3E379 /* WeeklyRecapCoordinator.swift */; };
		181B6719B9A8F22D69535491 /* walking.png in Resources */ = {isa = PBXBuildFile; fileRef = E96D8839697AD366C843EE7E /* walking.png */; };
		19D2B57FFFDCA082EDBB3CF6 /* basketball.png in Resources */ = {isa = PBXBuildFile; fileRef = 892FCED0C13569F307855B3B /* basketball.png */; };
		1CF0FBBC8EFD6C901EDC0401 /* BrandCopy.swift in Sources */ = {isa = PBXBuildFile; fileRef = B639A746121DDEE0D15E4CE9 /* BrandCopy.swift */; };
		1F06E036E2AA54DA9B63EF70 /* dancing.png in Resources */ = {isa = PBXBuildFile; fileRef = D65EF4145989469D4A08FAD8 /* dancing.png */; };
		1F7A676D71B1577C4819F175 /* PentaphorUITests.swift in Sources */ = {isa = PBXBuildFile; fileRef = 8F77B8529680D00558BF5B4A /* PentaphorUITests.swift */; };
		240B27693C2120ECF8A8925B /* SettingsView.swift in Sources */ = {isa = PBXBuildFile; fileRef = 2266A50777F1E74FBC7AF966 /* SettingsView.swift */; };
		2A7B39A3249BF08B877881DC /* sleeping.png in Resources */ = {isa = PBXBuildFile; fileRef = 283EEFA4405A996C0D0EE00E /* sleeping.png */; };
		301085A0E36C71009AEB2877 /* reading.png in Resources */ = {isa = PBXBuildFile; fileRef = CC92229E02443C6D3EC9D9FE /* reading.png */; };
		3301C0D6DB06CDBD1CB8254F /* hiking.png in Resources */ = {isa = PBXBuildFile; fileRef = 5FA71ECDC2D6054067052BAD /* hiking.png */; };
		3B42557F010D03CBF4C96180 /* knitting.png in Resources */ = {isa = PBXBuildFile; fileRef = BF7A1DAC13FD3B343F8A954C /* knitting.png */; };
		3E3FDCBAD07D6F75D626D7BF /* QuestCompletionAction.swift in Sources */ = {isa = PBXBuildFile; fileRef = 627DA8260FB2108BC1E94AAE /* QuestCompletionAction.swift */; };
		4218EE3742324BBED4076C8D /* art-catalog.json in Resources */ = {isa = PBXBuildFile; fileRef = DB0211DC55CB02E9FA736E6C /* art-catalog.json */; };
		435B9178564F046F4B3313FD /* music.png in Resources */ = {isa = PBXBuildFile; fileRef = 3E0D0748F4E014D5173B6BCF /* music.png */; };
		4A0EF2778DDCEA61DB34267E /* piano.png in Resources */ = {isa = PBXBuildFile; fileRef = 1911389AA7192F4E9A5C9819 /* piano.png */; };
		4D5B2F71DEF5EDE12AA0EC02 /* pottery.png in Resources */ = {isa = PBXBuildFile; fileRef = BF8ECA4198D4EC27FD4EAD11 /* pottery.png */; };
		4F18981D9312BAABD0D79201 /* skincare.png in Resources */ = {isa = PBXBuildFile; fileRef = CA552D2D60BD2C9B5D952B42 /* skincare.png */; };
		4F75EE778D14DA665B7DA22A /* WeeklyRecapCoordinatorTests.swift in Sources */ = {isa = PBXBuildFile; fileRef = BDD6415F23AC2899F278BDF8 /* WeeklyRecapCoordinatorTests.swift */; };
		4FDBC92F6A5C2077B8001E64 /* WeeklyRecapUITestScenario.swift in Sources */ = {isa = PBXBuildFile; fileRef = 6309964C88934052181FC143 /* WeeklyRecapUITestScenario.swift */; };
		5175BD7DE4B8AB977D3BA88D /* laundry.png in Resources */ = {isa = PBXBuildFile; fileRef = 755B6E972D89B2F81FFE585D /* laundry.png */; };
		54E90EC70CAE0C5F81F13CFD /* QuestReminderServiceTests.swift in Sources */ = {isa = PBXBuildFile; fileRef = F595C6A2483E3A9823915178 /* QuestReminderServiceTests.swift */; };
		5836737AB3280EEB4BD30619 /* running.png in Resources */ = {isa = PBXBuildFile; fileRef = CB04B7769CBAEDFBD39C028E /* running.png */; };
		593ABACBF376559768FFE557 /* chess.png in Resources */ = {isa = PBXBuildFile; fileRef = FE73A3BA6956344063DAF010 /* chess.png */; };
		5A5B81B04C6B89F112421214 /* QuestHome.swift in Sources */ = {isa = PBXBuildFile; fileRef = 890E2B89FA2A749C9B7623D3 /* QuestHome.swift */; };
		5B2B24F26FBBFA5805D049E5 /* AchievementView.swift in Sources */ = {isa = PBXBuildFile; fileRef = F780C2FE61C49A761DE10280 /* AchievementView.swift */; };
		5F6D0AF354D4F9FD1F2FB701 /* ReminderNotificationCenter.swift in Sources */ = {isa = PBXBuildFile; fileRef = 48CB25303E6A01D813854D63 /* ReminderNotificationCenter.swift */; };
		5F7114D2105AB002EAB39196 /* ironing.png in Resources */ = {isa = PBXBuildFile; fileRef = F9DCE2C860936708891B5FF5 /* ironing.png */; };
		617E985458248C54953C8EDA /* QuestReminderFields.swift in Sources */ = {isa = PBXBuildFile; fileRef = 6CF072AED8255D12BBF2883C /* QuestReminderFields.swift */; };
		69D89E4AE6880F388E56936F /* push-ups.png in Resources */ = {isa = PBXBuildFile; fileRef = 9E2247B82D5551916C8C9597 /* push-ups.png */; };
		7046DEA2D7B1443F164F733F /* public-speaking.png in Resources */ = {isa = PBXBuildFile; fileRef = 5B1B99DB68861F7708E1838C /* public-speaking.png */; };
		73B1107751455986AFBA7B66 /* cleaning.png in Resources */ = {isa = PBXBuildFile; fileRef = 3FFD5637E3B98AED997D9D68 /* cleaning.png */; };
		74AA3877ED7A6C786ECB1244 /* plant-care.png in Resources */ = {isa = PBXBuildFile; fileRef = B693C6D8F90AAC3E99852430 /* plant-care.png */; };
		7541B3809FC1FD84F1E018A5 /* calling.png in Resources */ = {isa = PBXBuildFile; fileRef = A1E32E40864FAB8351CABF3B /* calling.png */; };
		76C1CC34584B410A0937E5E0 /* ParameterRadar.swift in Sources */ = {isa = PBXBuildFile; fileRef = 5D94F224DD4FF2837662C4D6 /* ParameterRadar.swift */; };
		7BC19B95327C7993AB86BAA9 /* dishwashing.png in Resources */ = {isa = PBXBuildFile; fileRef = 484D02F55EC2779D17FB0A94 /* dishwashing.png */; };
		7F10873616894A42FB66C3F0 /* LaunchLoadingView.swift in Sources */ = {isa = PBXBuildFile; fileRef = 124FFFE5D893FE66CC4AFF91 /* LaunchLoadingView.swift */; };
		827C6799C8CDCF65BF7FD166 /* meeting-friends.png in Resources */ = {isa = PBXBuildFile; fileRef = F751F8216B05B210AF9EC13E /* meeting-friends.png */; };
		85AD454CD34FA7E385C93397 /* groceries.png in Resources */ = {isa = PBXBuildFile; fileRef = A9ED948BB9E9CD11F6969809 /* groceries.png */; };
		87EFD68DD8DB92151464874C /* climbing.png in Resources */ = {isa = PBXBuildFile; fileRef = 5ED18A73008C3C41A99BD6C8 /* climbing.png */; };
		8CC784698E562D025D9D4298 /* QuestEditor.swift in Sources */ = {isa = PBXBuildFile; fileRef = 88578211DC805EDC512DD955 /* QuestEditor.swift */; };
		95A0CD95D613198450AC50B0 /* bathing.png in Resources */ = {isa = PBXBuildFile; fileRef = 3DA3BCA5836226340640C172 /* bathing.png */; };
		9895CDA296C15E09E04513EA /* camping.png in Resources */ = {isa = PBXBuildFile; fileRef = 309A72A331BD344113C51AC2 /* camping.png */; };
		9A53076A32DFFCEEA8C2214C /* meditation.png in Resources */ = {isa = PBXBuildFile; fileRef = CECA7A9C3DED1136226B4EB5 /* meditation.png */; };
		9AF6172BCDB7C44D1972AEBD /* cooking.png in Resources */ = {isa = PBXBuildFile; fileRef = E165E700E09D486A20D72ACE /* cooking.png */; };
		9DB0CDBB783F0BCA43C13A6F /* bed-making.png in Resources */ = {isa = PBXBuildFile; fileRef = 1D41AF37B3F6BCC19273A5A0 /* bed-making.png */; };
		9F4927B38D22CD39ED90F6FC /* DesignSystem.swift in Sources */ = {isa = PBXBuildFile; fileRef = D9B43122BF1184605D8500DA /* DesignSystem.swift */; };
		A4B97CD5699EA4E2516069DA /* jump-rope.png in Resources */ = {isa = PBXBuildFile; fileRef = 675C0882B29C922EAD2A5070 /* jump-rope.png */; };
		A820FAE6DD324ADBF255C334 /* PentaphorCore in Frameworks */ = {isa = PBXBuildFile; productRef = 69D9E93AA1B0FAA6F5BD8A02 /* PentaphorCore */; };
		A9E997D09ACF00916A46FDA8 /* hydration.png in Resources */ = {isa = PBXBuildFile; fileRef = 43BD1281D04F2DC32C58C79C /* hydration.png */; };
		AB806C916ED008823A8B229C /* fishing.png in Resources */ = {isa = PBXBuildFile; fileRef = 90A23C4A3FBEAD0D4FF81329 /* fishing.png */; };
		AFEA5D3190D25A49C4A568FF /* organizing.png in Resources */ = {isa = PBXBuildFile; fileRef = 70E634A1CEF7A4D8A23E9578 /* organizing.png */; };
		B0302BF94F6AEEB0E801B27D /* IntroductionView.swift in Sources */ = {isa = PBXBuildFile; fileRef = 9A2CAE39766665B7E168AAF3 /* IntroductionView.swift */; };
		BCD38391EA0058400C3F7C0A /* cycling.png in Resources */ = {isa = PBXBuildFile; fileRef = 01F3709D590C8C00FBDF13E3 /* cycling.png */; };
		BD536DA8890BF2AC034C8B88 /* dog-walking.png in Resources */ = {isa = PBXBuildFile; fileRef = C06001EE005788AC70789E2D /* dog-walking.png */; };
		BF7EEEBE7BE36117D17FC98B /* drawing.png in Resources */ = {isa = PBXBuildFile; fileRef = 98E5DC13D901393D17159B38 /* drawing.png */; };
		C1E6D4F64F8EF00312E5729D /* QuestCompletionActionTests.swift in Sources */ = {isa = PBXBuildFile; fileRef = 5E24A4E19185B477BF1D2438 /* QuestCompletionActionTests.swift */; };
		C4AA72F63D81CE449D7AC054 /* travel.png in Resources */ = {isa = PBXBuildFile; fileRef = 9BC32561057987A4AAC34FE8 /* travel.png */; };
		C7CF7AA7C736144F832D55B7 /* WeeklyRecapView.swift in Sources */ = {isa = PBXBuildFile; fileRef = 382207F0F12AA5446D642F3E /* WeeklyRecapView.swift */; };
		C9D8D6766977706558CDFA27 /* tennis.png in Resources */ = {isa = PBXBuildFile; fileRef = 3DB91945B705A440BF0258EF /* tennis.png */; };
		CD2B7812AFB3D9E1E1A6FC2F /* outfit.png in Resources */ = {isa = PBXBuildFile; fileRef = 9468199CAB7D650CF4BDB1B0 /* outfit.png */; };
		CF9F6B174918D9A5538072E0 /* childcare.png in Resources */ = {isa = PBXBuildFile; fileRef = E6BA9E35A72594658398C110 /* childcare.png */; };
		CFBD2D7435FB8BB72D0D4279 /* QuestReminderService.swift in Sources */ = {isa = PBXBuildFile; fileRef = 715912424B1C74D0F3D6F31B /* QuestReminderService.swift */; };
		D6AAA377757C964A1906EAFE /* swimming.png in Resources */ = {isa = PBXBuildFile; fileRef = DB3AB215863DB33F456338D0 /* swimming.png */; };
		D70426D0882EB7AB111B1907 /* Assets.xcassets in Resources */ = {isa = PBXBuildFile; fileRef = C783B128B3DFA45179DA87DE /* Assets.xcassets */; };
		D81A76674858C5211BB7CD18 /* photography.png in Resources */ = {isa = PBXBuildFile; fileRef = B97552AF1D5D0C89E3AF9F21 /* photography.png */; };
		D8CA9C6C8178C950A777DEF9 /* strength.png in Resources */ = {isa = PBXBuildFile; fileRef = D23FB51B51AEE04ADD4DE8B6 /* strength.png */; };
		D9345A8A3803188728A2AD8A /* language-practice.png in Resources */ = {isa = PBXBuildFile; fileRef = 543DBD62EDF5DF0EB93D194A /* language-practice.png */; };
		DEF63A6E43646E347F98FF14 /* baking.png in Resources */ = {isa = PBXBuildFile; fileRef = 68B68F4F5EEBC8714CBCE5C3 /* baking.png */; };
		DF17B11B74DE93E153F8D534 /* toothbrushing.png in Resources */ = {isa = PBXBuildFile; fileRef = CA5C7186CD63F8955536BACC /* toothbrushing.png */; };
		DFBD3B6C5417EC494E5060A9 /* PentaphorCore in Frameworks */ = {isa = PBXBuildFile; productRef = 905F37A675A3DBB2F2B2103A /* PentaphorCore */; };
		E03602418287949E100038B6 /* vacuuming.png in Resources */ = {isa = PBXBuildFile; fileRef = E029674BD2ED04F9037AE56E /* vacuuming.png */; };
		E6BB7786EAB1DCBB65A3B944 /* journaling.png in Resources */ = {isa = PBXBuildFile; fileRef = 0CDDF35A6F445D793FE796DF /* journaling.png */; };
		EDFE8B3E0AB6815F5F4C0384 /* JournalViews.swift in Sources */ = {isa = PBXBuildFile; fileRef = 31EB91E25F5E2A50F916D46C /* JournalViews.swift */; };
		EE7B0F510466AEFEB631B72A /* boxing.png in Resources */ = {isa = PBXBuildFile; fileRef = 3665AB2DBCB0D3007CE0E7E1 /* boxing.png */; };
		F1268D4AC82EF25E58B839E1 /* stargazing.png in Resources */ = {isa = PBXBuildFile; fileRef = 29F0B3E3AB1186DECD35F78A /* stargazing.png */; };
		F5CA19178D7E2F8152F13BCC /* pet-feeding.png in Resources */ = {isa = PBXBuildFile; fileRef = 708CF17B9B6842749442625E /* pet-feeding.png */; };
		F5E5F2DE6BDF3BB5577201A0 /* museum.png in Resources */ = {isa = PBXBuildFile; fileRef = 8E5CA4DFEBE37E87D2A67AFE /* museum.png */; };
		F8327AF721CD164D76F10AED /* litter-picking.png in Resources */ = {isa = PBXBuildFile; fileRef = 869076CB7746008E3B8A6641 /* litter-picking.png */; };
		FA72F0DC25501FB96FC1F326 /* studying.png in Resources */ = {isa = PBXBuildFile; fileRef = CF625E62D5F44A74BC12168C /* studying.png */; };
		FB09E954E1BAB481DD2ABA6B /* stretching.png in Resources */ = {isa = PBXBuildFile; fileRef = 5EFF677647CA1596C481637B /* stretching.png */; };
		FFE1E0DAE6A2503C3111D46C /* yoga.png in Resources */ = {isa = PBXBuildFile; fileRef = 0D022371DA7297386FA27FF5 /* yoga.png */; };
/* End PBXBuildFile section */

/* Begin PBXContainerItemProxy section */
		CC5A862754580005D61A3A4C /* PBXContainerItemProxy */ = {
			isa = PBXContainerItemProxy;
			containerPortal = AF6CFF5342321D43C97A096E /* Project object */;
			proxyType = 1;
			remoteGlobalIDString = 7C981CBBEC49B3B7B01D8248;
			remoteInfo = Pentaphor;
		};
		CFB4E012ACA33A49483B6A6B /* PBXContainerItemProxy */ = {
			isa = PBXContainerItemProxy;
			containerPortal = AF6CFF5342321D43C97A096E /* Project object */;
			proxyType = 1;
			remoteGlobalIDString = 7C981CBBEC49B3B7B01D8248;
			remoteInfo = Pentaphor;
		};
/* End PBXContainerItemProxy section */

/* Begin PBXFileReference section */
		01F3709D590C8C00FBDF13E3 /* cycling.png */ = {isa = PBXFileReference; lastKnownFileType = image.png; path = cycling.png; sourceTree = "<group>"; };
		040B0985E1384ACEB384EC84 /* PentaphorApp.swift */ = {isa = PBXFileReference; lastKnownFileType = sourcecode.swift; path = PentaphorApp.swift; sourceTree = "<group>"; };
		0CDDF35A6F445D793FE796DF /* journaling.png */ = {isa = PBXFileReference; lastKnownFileType = image.png; path = journaling.png; sourceTree = "<group>"; };
		0D022371DA7297386FA27FF5 /* yoga.png */ = {isa = PBXFileReference; lastKnownFileType = image.png; path = yoga.png; sourceTree = "<group>"; };
		124FFFE5D893FE66CC4AFF91 /* LaunchLoadingView.swift */ = {isa = PBXFileReference; lastKnownFileType = sourcecode.swift; path = LaunchLoadingView.swift; sourceTree = "<group>"; };
		1911389AA7192F4E9A5C9819 /* piano.png */ = {isa = PBXFileReference; lastKnownFileType = image.png; path = piano.png; sourceTree = "<group>"; };
		1D41AF37B3F6BCC19273A5A0 /* bed-making.png */ = {isa = PBXFileReference; lastKnownFileType = image.png; path = "bed-making.png"; sourceTree = "<group>"; };
		2266A50777F1E74FBC7AF966 /* SettingsView.swift */ = {isa = PBXFileReference; lastKnownFileType = sourcecode.swift; path = SettingsView.swift; sourceTree = "<group>"; };
		281C34C5F43E5FFC44849622 /* coding.png */ = {isa = PBXFileReference; lastKnownFileType = image.png; path = coding.png; sourceTree = "<group>"; };
		283EEFA4405A996C0D0EE00E /* sleeping.png */ = {isa = PBXFileReference; lastKnownFileType = image.png; path = sleeping.png; sourceTree = "<group>"; };
		29F0B3E3AB1186DECD35F78A /* stargazing.png */ = {isa = PBXFileReference; lastKnownFileType = image.png; path = stargazing.png; sourceTree = "<group>"; };
		304C17827C3B1FFAC7BA9179 /* Info.plist */ = {isa = PBXFileReference; lastKnownFileType = text.plist; path = Info.plist; sourceTree = "<group>"; };
		309A72A331BD344113C51AC2 /* camping.png */ = {isa = PBXFileReference; lastKnownFileType = image.png; path = camping.png; sourceTree = "<group>"; };
		31EB91E25F5E2A50F916D46C /* JournalViews.swift */ = {isa = PBXFileReference; lastKnownFileType = sourcecode.swift; path = JournalViews.swift; sourceTree = "<group>"; };
		3665AB2DBCB0D3007CE0E7E1 /* boxing.png */ = {isa = PBXFileReference; lastKnownFileType = image.png; path = boxing.png; sourceTree = "<group>"; };
		382207F0F12AA5446D642F3E /* WeeklyRecapView.swift */ = {isa = PBXFileReference; lastKnownFileType = sourcecode.swift; path = WeeklyRecapView.swift; sourceTree = "<group>"; };
		3DA3BCA5836226340640C172 /* bathing.png */ = {isa = PBXFileReference; lastKnownFileType = image.png; path = bathing.png; sourceTree = "<group>"; };
		3DB91945B705A440BF0258EF /* tennis.png */ = {isa = PBXFileReference; lastKnownFileType = image.png; path = tennis.png; sourceTree = "<group>"; };
		3E0D0748F4E014D5173B6BCF /* music.png */ = {isa = PBXFileReference; lastKnownFileType = image.png; path = music.png; sourceTree = "<group>"; };
		3FFD5637E3B98AED997D9D68 /* cleaning.png */ = {isa = PBXFileReference; lastKnownFileType = image.png; path = cleaning.png; sourceTree = "<group>"; };
		43BD1281D04F2DC32C58C79C /* hydration.png */ = {isa = PBXFileReference; lastKnownFileType = image.png; path = hydration.png; sourceTree = "<group>"; };
		484D02F55EC2779D17FB0A94 /* dishwashing.png */ = {isa = PBXFileReference; lastKnownFileType = image.png; path = dishwashing.png; sourceTree = "<group>"; };
		48CB25303E6A01D813854D63 /* ReminderNotificationCenter.swift */ = {isa = PBXFileReference; lastKnownFileType = sourcecode.swift; path = ReminderNotificationCenter.swift; sourceTree = "<group>"; };
		543DBD62EDF5DF0EB93D194A /* language-practice.png */ = {isa = PBXFileReference; lastKnownFileType = image.png; path = "language-practice.png"; sourceTree = "<group>"; };
		5B1B99DB68861F7708E1838C /* public-speaking.png */ = {isa = PBXFileReference; lastKnownFileType = image.png; path = "public-speaking.png"; sourceTree = "<group>"; };
		5D94F224DD4FF2837662C4D6 /* ParameterRadar.swift */ = {isa = PBXFileReference; lastKnownFileType = sourcecode.swift; path = ParameterRadar.swift; sourceTree = "<group>"; };
		5E24A4E19185B477BF1D2438 /* QuestCompletionActionTests.swift */ = {isa = PBXFileReference; lastKnownFileType = sourcecode.swift; path = QuestCompletionActionTests.swift; sourceTree = "<group>"; };
		5ED18A73008C3C41A99BD6C8 /* climbing.png */ = {isa = PBXFileReference; lastKnownFileType = image.png; path = climbing.png; sourceTree = "<group>"; };
		5EFF677647CA1596C481637B /* stretching.png */ = {isa = PBXFileReference; lastKnownFileType = image.png; path = stretching.png; sourceTree = "<group>"; };
		5FA71ECDC2D6054067052BAD /* hiking.png */ = {isa = PBXFileReference; lastKnownFileType = image.png; path = hiking.png; sourceTree = "<group>"; };
		627DA8260FB2108BC1E94AAE /* QuestCompletionAction.swift */ = {isa = PBXFileReference; lastKnownFileType = sourcecode.swift; path = QuestCompletionAction.swift; sourceTree = "<group>"; };
		6309964C88934052181FC143 /* WeeklyRecapUITestScenario.swift */ = {isa = PBXFileReference; lastKnownFileType = sourcecode.swift; path = WeeklyRecapUITestScenario.swift; sourceTree = "<group>"; };
		675C0882B29C922EAD2A5070 /* jump-rope.png */ = {isa = PBXFileReference; lastKnownFileType = image.png; path = "jump-rope.png"; sourceTree = "<group>"; };
		68B68F4F5EEBC8714CBCE5C3 /* baking.png */ = {isa = PBXFileReference; lastKnownFileType = image.png; path = baking.png; sourceTree = "<group>"; };
		6CF072AED8255D12BBF2883C /* QuestReminderFields.swift */ = {isa = PBXFileReference; lastKnownFileType = sourcecode.swift; path = QuestReminderFields.swift; sourceTree = "<group>"; };
		708CF17B9B6842749442625E /* pet-feeding.png */ = {isa = PBXFileReference; lastKnownFileType = image.png; path = "pet-feeding.png"; sourceTree = "<group>"; };
		70E634A1CEF7A4D8A23E9578 /* organizing.png */ = {isa = PBXFileReference; lastKnownFileType = image.png; path = organizing.png; sourceTree = "<group>"; };
		715912424B1C74D0F3D6F31B /* QuestReminderService.swift */ = {isa = PBXFileReference; lastKnownFileType = sourcecode.swift; path = QuestReminderService.swift; sourceTree = "<group>"; };
		755B6E972D89B2F81FFE585D /* laundry.png */ = {isa = PBXFileReference; lastKnownFileType = image.png; path = laundry.png; sourceTree = "<group>"; };
		7E5918AE8BCE44A2D56E6B02 /* PentaphorUITests.xctest */ = {isa = PBXFileReference; includeInIndex = 0; lastKnownFileType = wrapper.cfbundle; path = PentaphorUITests.xctest; sourceTree = BUILT_PRODUCTS_DIR; };
		869076CB7746008E3B8A6641 /* litter-picking.png */ = {isa = PBXFileReference; lastKnownFileType = image.png; path = "litter-picking.png"; sourceTree = "<group>"; };
		88578211DC805EDC512DD955 /* QuestEditor.swift */ = {isa = PBXFileReference; lastKnownFileType = sourcecode.swift; path = QuestEditor.swift; sourceTree = "<group>"; };
		890E2B89FA2A749C9B7623D3 /* QuestHome.swift */ = {isa = PBXFileReference; lastKnownFileType = sourcecode.swift; path = QuestHome.swift; sourceTree = "<group>"; };
		892FCED0C13569F307855B3B /* basketball.png */ = {isa = PBXFileReference; lastKnownFileType = image.png; path = basketball.png; sourceTree = "<group>"; };
		8E5CA4DFEBE37E87D2A67AFE /* museum.png */ = {isa = PBXFileReference; lastKnownFileType = image.png; path = museum.png; sourceTree = "<group>"; };
		8F77B8529680D00558BF5B4A /* PentaphorUITests.swift */ = {isa = PBXFileReference; lastKnownFileType = sourcecode.swift; path = PentaphorUITests.swift; sourceTree = "<group>"; };
		90A23C4A3FBEAD0D4FF81329 /* fishing.png */ = {isa = PBXFileReference; lastKnownFileType = image.png; path = fishing.png; sourceTree = "<group>"; };
		9468199CAB7D650CF4BDB1B0 /* outfit.png */ = {isa = PBXFileReference; lastKnownFileType = image.png; path = outfit.png; sourceTree = "<group>"; };
		98E5DC13D901393D17159B38 /* drawing.png */ = {isa = PBXFileReference; lastKnownFileType = image.png; path = drawing.png; sourceTree = "<group>"; };
		9A2CAE39766665B7E168AAF3 /* IntroductionView.swift */ = {isa = PBXFileReference; lastKnownFileType = sourcecode.swift; path = IntroductionView.swift; sourceTree = "<group>"; };
		9BC32561057987A4AAC34FE8 /* travel.png */ = {isa = PBXFileReference; lastKnownFileType = image.png; path = travel.png; sourceTree = "<group>"; };
		9D4A89B7837B2039071982F2 /* PentaphorTests.xctest */ = {isa = PBXFileReference; includeInIndex = 0; lastKnownFileType = wrapper.cfbundle; path = PentaphorTests.xctest; sourceTree = BUILT_PRODUCTS_DIR; };
		9E2247B82D5551916C8C9597 /* push-ups.png */ = {isa = PBXFileReference; lastKnownFileType = image.png; path = "push-ups.png"; sourceTree = "<group>"; };
		9E617ACD45245BAC1D0AA346 /* PentaphorCore */ = {isa = PBXFileReference; lastKnownFileType = folder; name = PentaphorCore; path = Packages/PentaphorCore; sourceTree = SOURCE_ROOT; };
		A1E32E40864FAB8351CABF3B /* calling.png */ = {isa = PBXFileReference; lastKnownFileType = image.png; path = calling.png; sourceTree = "<group>"; };
		A9ED948BB9E9CD11F6969809 /* groceries.png */ = {isa = PBXFileReference; lastKnownFileType = image.png; path = groceries.png; sourceTree = "<group>"; };
		AD805FD3695414F65788E155 /* bathroom-cleaning.png */ = {isa = PBXFileReference; lastKnownFileType = image.png; path = "bathroom-cleaning.png"; sourceTree = "<group>"; };
		B639A746121DDEE0D15E4CE9 /* BrandCopy.swift */ = {isa = PBXFileReference; lastKnownFileType = sourcecode.swift; path = BrandCopy.swift; sourceTree = "<group>"; };
		B693C6D8F90AAC3E99852430 /* plant-care.png */ = {isa = PBXFileReference; lastKnownFileType = image.png; path = "plant-care.png"; sourceTree = "<group>"; };
		B97552AF1D5D0C89E3AF9F21 /* photography.png */ = {isa = PBXFileReference; lastKnownFileType = image.png; path = photography.png; sourceTree = "<group>"; };
		BDD6415F23AC2899F278BDF8 /* WeeklyRecapCoordinatorTests.swift */ = {isa = PBXFileReference; lastKnownFileType = sourcecode.swift; path = WeeklyRecapCoordinatorTests.swift; sourceTree = "<group>"; };
		BF7A1DAC13FD3B343F8A954C /* knitting.png */ = {isa = PBXFileReference; lastKnownFileType = image.png; path = knitting.png; sourceTree = "<group>"; };
		BF80E971EB404A61EC0B3DAA /* recycling.png */ = {isa = PBXFileReference; lastKnownFileType = image.png; path = recycling.png; sourceTree = "<group>"; };
		BF8ECA4198D4EC27FD4EAD11 /* pottery.png */ = {isa = PBXFileReference; lastKnownFileType = image.png; path = pottery.png; sourceTree = "<group>"; };
		C06001EE005788AC70789E2D /* dog-walking.png */ = {isa = PBXFileReference; lastKnownFileType = image.png; path = "dog-walking.png"; sourceTree = "<group>"; };
		C3D45FCDA547D3381A7E4BFB /* badminton.png */ = {isa = PBXFileReference; lastKnownFileType = image.png; path = badminton.png; sourceTree = "<group>"; };
		C783B128B3DFA45179DA87DE /* Assets.xcassets */ = {isa = PBXFileReference; lastKnownFileType = folder.assetcatalog; path = Assets.xcassets; sourceTree = "<group>"; };
		CA552D2D60BD2C9B5D952B42 /* skincare.png */ = {isa = PBXFileReference; lastKnownFileType = image.png; path = skincare.png; sourceTree = "<group>"; };
		CA5C7186CD63F8955536BACC /* toothbrushing.png */ = {isa = PBXFileReference; lastKnownFileType = image.png; path = toothbrushing.png; sourceTree = "<group>"; };
		CB04B7769CBAEDFBD39C028E /* running.png */ = {isa = PBXFileReference; lastKnownFileType = image.png; path = running.png; sourceTree = "<group>"; };
		CC92229E02443C6D3EC9D9FE /* reading.png */ = {isa = PBXFileReference; lastKnownFileType = image.png; path = reading.png; sourceTree = "<group>"; };
		CECA7A9C3DED1136226B4EB5 /* meditation.png */ = {isa = PBXFileReference; lastKnownFileType = image.png; path = meditation.png; sourceTree = "<group>"; };
		CF625E62D5F44A74BC12168C /* studying.png */ = {isa = PBXFileReference; lastKnownFileType = image.png; path = studying.png; sourceTree = "<group>"; };
		D23FB51B51AEE04ADD4DE8B6 /* strength.png */ = {isa = PBXFileReference; lastKnownFileType = image.png; path = strength.png; sourceTree = "<group>"; };
		D65EF4145989469D4A08FAD8 /* dancing.png */ = {isa = PBXFileReference; lastKnownFileType = image.png; path = dancing.png; sourceTree = "<group>"; };
		D9B43122BF1184605D8500DA /* DesignSystem.swift */ = {isa = PBXFileReference; lastKnownFileType = sourcecode.swift; path = DesignSystem.swift; sourceTree = "<group>"; };
		DB0211DC55CB02E9FA736E6C /* art-catalog.json */ = {isa = PBXFileReference; lastKnownFileType = text.json; path = "art-catalog.json"; sourceTree = "<group>"; };
		DB3AB215863DB33F456338D0 /* swimming.png */ = {isa = PBXFileReference; lastKnownFileType = image.png; path = swimming.png; sourceTree = "<group>"; };
		E029674BD2ED04F9037AE56E /* vacuuming.png */ = {isa = PBXFileReference; lastKnownFileType = image.png; path = vacuuming.png; sourceTree = "<group>"; };
		E165E700E09D486A20D72ACE /* cooking.png */ = {isa = PBXFileReference; lastKnownFileType = image.png; path = cooking.png; sourceTree = "<group>"; };
		E6BA9E35A72594658398C110 /* childcare.png */ = {isa = PBXFileReference; lastKnownFileType = image.png; path = childcare.png; sourceTree = "<group>"; };
		E96D8839697AD366C843EE7E /* walking.png */ = {isa = PBXFileReference; lastKnownFileType = image.png; path = walking.png; sourceTree = "<group>"; };
		F5610A031D72700BCAD1F211 /* Pentaphor.app */ = {isa = PBXFileReference; includeInIndex = 0; lastKnownFileType = wrapper.application; path = Pentaphor.app; sourceTree = BUILT_PRODUCTS_DIR; };
		F595C6A2483E3A9823915178 /* QuestReminderServiceTests.swift */ = {isa = PBXFileReference; lastKnownFileType = sourcecode.swift; path = QuestReminderServiceTests.swift; sourceTree = "<group>"; };
		F751F8216B05B210AF9EC13E /* meeting-friends.png */ = {isa = PBXFileReference; lastKnownFileType = image.png; path = "meeting-friends.png"; sourceTree = "<group>"; };
		F780C2FE61C49A761DE10280 /* AchievementView.swift */ = {isa = PBXFileReference; lastKnownFileType = sourcecode.swift; path = AchievementView.swift; sourceTree = "<group>"; };
		F9DCE2C860936708891B5FF5 /* ironing.png */ = {isa = PBXFileReference; lastKnownFileType = image.png; path = ironing.png; sourceTree = "<group>"; };
		FE37080B8CC04C1AE5D3E379 /* WeeklyRecapCoordinator.swift */ = {isa = PBXFileReference; lastKnownFileType = sourcecode.swift; path = WeeklyRecapCoordinator.swift; sourceTree = "<group>"; };
		FE73A3BA6956344063DAF010 /* chess.png */ = {isa = PBXFileReference; lastKnownFileType = image.png; path = chess.png; sourceTree = "<group>"; };
/* End PBXFileReference section */

/* Begin PBXFrameworksBuildPhase section */
		1604789D221D293822D8E893 /* Frameworks */ = {
			isa = PBXFrameworksBuildPhase;
			buildActionMask = 2147483647;
			files = (
				DFBD3B6C5417EC494E5060A9 /* PentaphorCore in Frameworks */,
			);
			runOnlyForDeploymentPostprocessing = 0;
		};
		B43DEADAF918DB5071805D53 /* Frameworks */ = {
			isa = PBXFrameworksBuildPhase;
			buildActionMask = 2147483647;
			files = (
				A820FAE6DD324ADBF255C334 /* PentaphorCore in Frameworks */,
			);
			runOnlyForDeploymentPostprocessing = 0;
		};
/* End PBXFrameworksBuildPhase section */

/* Begin PBXGroup section */
		09C5E02298D7682EAC7FDBFE /* Packages */ = {
			isa = PBXGroup;
			children = (
				9E617ACD45245BAC1D0AA346 /* PentaphorCore */,
			);
			path = Packages;
			sourceTree = "<group>";
		};
		0AE0DB447DEC9DC132DF91D6 = {
			isa = PBXGroup;
			children = (
				09C5E02298D7682EAC7FDBFE /* Packages */,
				56CB00D8177881A83C2B0796 /* Pentaphor */,
				0E659582B877A78B7A88179E /* PentaphorTests */,
				9AEF4A538F0900EE5C76D67B /* PentaphorUITests */,
				5F06438ABFC807510E1E80D9 /* quest-art */,
				0ED2145FB877ED285147A872 /* Products */,
			);
			sourceTree = "<group>";
		};
		0E659582B877A78B7A88179E /* PentaphorTests */ = {
			isa = PBXGroup;
			children = (
				5E24A4E19185B477BF1D2438 /* QuestCompletionActionTests.swift */,
				F595C6A2483E3A9823915178 /* QuestReminderServiceTests.swift */,
				BDD6415F23AC2899F278BDF8 /* WeeklyRecapCoordinatorTests.swift */,
			);
			path = PentaphorTests;
			sourceTree = "<group>";
		};
		0ED2145FB877ED285147A872 /* Products */ = {
			isa = PBXGroup;
			children = (
				F5610A031D72700BCAD1F211 /* Pentaphor.app */,
				9D4A89B7837B2039071982F2 /* PentaphorTests.xctest */,
				7E5918AE8BCE44A2D56E6B02 /* PentaphorUITests.xctest */,
			);
			name = Products;
			sourceTree = "<group>";
		};
		2EBEFCD754ED0EA511408C3B /* Views */ = {
			isa = PBXGroup;
			children = (
				F780C2FE61C49A761DE10280 /* AchievementView.swift */,
				B639A746121DDEE0D15E4CE9 /* BrandCopy.swift */,
				D9B43122BF1184605D8500DA /* DesignSystem.swift */,
				9A2CAE39766665B7E168AAF3 /* IntroductionView.swift */,
				31EB91E25F5E2A50F916D46C /* JournalViews.swift */,
				124FFFE5D893FE66CC4AFF91 /* LaunchLoadingView.swift */,
				5D94F224DD4FF2837662C4D6 /* ParameterRadar.swift */,
				88578211DC805EDC512DD955 /* QuestEditor.swift */,
				890E2B89FA2A749C9B7623D3 /* QuestHome.swift */,
				6CF072AED8255D12BBF2883C /* QuestReminderFields.swift */,
				2266A50777F1E74FBC7AF966 /* SettingsView.swift */,
				382207F0F12AA5446D642F3E /* WeeklyRecapView.swift */,
			);
			path = Views;
			sourceTree = "<group>";
		};
		56CB00D8177881A83C2B0796 /* Pentaphor */ = {
			isa = PBXGroup;
			children = (
				C783B128B3DFA45179DA87DE /* Assets.xcassets */,
				304C17827C3B1FFAC7BA9179 /* Info.plist */,
				DB8ACF0DA4BD872537F99B09 /* App */,
				60A0435276F40E854EC29BA8 /* Resources */,
				2EBEFCD754ED0EA511408C3B /* Views */,
			);
			path = Pentaphor;
			sourceTree = "<group>";
		};
		5F06438ABFC807510E1E80D9 /* quest-art */ = {
			isa = PBXGroup;
			children = (
				C3D45FCDA547D3381A7E4BFB /* badminton.png */,
				68B68F4F5EEBC8714CBCE5C3 /* baking.png */,
				892FCED0C13569F307855B3B /* basketball.png */,
				3DA3BCA5836226340640C172 /* bathing.png */,
				AD805FD3695414F65788E155 /* bathroom-cleaning.png */,
				1D41AF37B3F6BCC19273A5A0 /* bed-making.png */,
				3665AB2DBCB0D3007CE0E7E1 /* boxing.png */,
				A1E32E40864FAB8351CABF3B /* calling.png */,
				309A72A331BD344113C51AC2 /* camping.png */,
				FE73A3BA6956344063DAF010 /* chess.png */,
				E6BA9E35A72594658398C110 /* childcare.png */,
				3FFD5637E3B98AED997D9D68 /* cleaning.png */,
				5ED18A73008C3C41A99BD6C8 /* climbing.png */,
				281C34C5F43E5FFC44849622 /* coding.png */,
				E165E700E09D486A20D72ACE /* cooking.png */,
				01F3709D590C8C00FBDF13E3 /* cycling.png */,
				D65EF4145989469D4A08FAD8 /* dancing.png */,
				484D02F55EC2779D17FB0A94 /* dishwashing.png */,
				C06001EE005788AC70789E2D /* dog-walking.png */,
				98E5DC13D901393D17159B38 /* drawing.png */,
				90A23C4A3FBEAD0D4FF81329 /* fishing.png */,
				A9ED948BB9E9CD11F6969809 /* groceries.png */,
				5FA71ECDC2D6054067052BAD /* hiking.png */,
				43BD1281D04F2DC32C58C79C /* hydration.png */,
				F9DCE2C860936708891B5FF5 /* ironing.png */,
				0CDDF35A6F445D793FE796DF /* journaling.png */,
				675C0882B29C922EAD2A5070 /* jump-rope.png */,
				BF7A1DAC13FD3B343F8A954C /* knitting.png */,
				543DBD62EDF5DF0EB93D194A /* language-practice.png */,
				755B6E972D89B2F81FFE585D /* laundry.png */,
				869076CB7746008E3B8A6641 /* litter-picking.png */,
				CECA7A9C3DED1136226B4EB5 /* meditation.png */,
				F751F8216B05B210AF9EC13E /* meeting-friends.png */,
				8E5CA4DFEBE37E87D2A67AFE /* museum.png */,
				3E0D0748F4E014D5173B6BCF /* music.png */,
				70E634A1CEF7A4D8A23E9578 /* organizing.png */,
				9468199CAB7D650CF4BDB1B0 /* outfit.png */,
				708CF17B9B6842749442625E /* pet-feeding.png */,
				B97552AF1D5D0C89E3AF9F21 /* photography.png */,
				1911389AA7192F4E9A5C9819 /* piano.png */,
				B693C6D8F90AAC3E99852430 /* plant-care.png */,
				BF8ECA4198D4EC27FD4EAD11 /* pottery.png */,
				5B1B99DB68861F7708E1838C /* public-speaking.png */,
				9E2247B82D5551916C8C9597 /* push-ups.png */,
				CC92229E02443C6D3EC9D9FE /* reading.png */,
				BF80E971EB404A61EC0B3DAA /* recycling.png */,
				CB04B7769CBAEDFBD39C028E /* running.png */,
				CA552D2D60BD2C9B5D952B42 /* skincare.png */,
				283EEFA4405A996C0D0EE00E /* sleeping.png */,
				29F0B3E3AB1186DECD35F78A /* stargazing.png */,
				D23FB51B51AEE04ADD4DE8B6 /* strength.png */,
				5EFF677647CA1596C481637B /* stretching.png */,
				CF625E62D5F44A74BC12168C /* studying.png */,
				DB3AB215863DB33F456338D0 /* swimming.png */,
				3DB91945B705A440BF0258EF /* tennis.png */,
				CA5C7186CD63F8955536BACC /* toothbrushing.png */,
				9BC32561057987A4AAC34FE8 /* travel.png */,
				E029674BD2ED04F9037AE56E /* vacuuming.png */,
				E96D8839697AD366C843EE7E /* walking.png */,
				0D022371DA7297386FA27FF5 /* yoga.png */,
			);
			name = "quest-art";
			path = "assets/quest-art";
			sourceTree = "<group>";
		};
		60A0435276F40E854EC29BA8 /* Resources */ = {
			isa = PBXGroup;
			children = (
				DB0211DC55CB02E9FA736E6C /* art-catalog.json */,
			);
			path = Resources;
			sourceTree = "<group>";
		};
		9AEF4A538F0900EE5C76D67B /* PentaphorUITests */ = {
			isa = PBXGroup;
			children = (
				8F77B8529680D00558BF5B4A /* PentaphorUITests.swift */,
			);
			path = PentaphorUITests;
			sourceTree = "<group>";
		};
		DB8ACF0DA4BD872537F99B09 /* App */ = {
			isa = PBXGroup;
			children = (
				040B0985E1384ACEB384EC84 /* PentaphorApp.swift */,
				627DA8260FB2108BC1E94AAE /* QuestCompletionAction.swift */,
				715912424B1C74D0F3D6F31B /* QuestReminderService.swift */,
				48CB25303E6A01D813854D63 /* ReminderNotificationCenter.swift */,
				FE37080B8CC04C1AE5D3E379 /* WeeklyRecapCoordinator.swift */,
				6309964C88934052181FC143 /* WeeklyRecapUITestScenario.swift */,
			);
			path = App;
			sourceTree = "<group>";
		};
/* End PBXGroup section */

/* Begin PBXNativeTarget section */
		0E8F553761F2A75F360C9565 /* PentaphorTests */ = {
			isa = PBXNativeTarget;
			buildConfigurationList = 76AA56FDB9F0CD93803895A2 /* Build configuration list for PBXNativeTarget "PentaphorTests" */;
			buildPhases = (
				C7A990FBD0FD2BE7A280312A /* Sources */,
				B43DEADAF918DB5071805D53 /* Frameworks */,
			);
			buildRules = (
			);
			dependencies = (
				69452CB02F375E1EDA6C55D7 /* PBXTargetDependency */,
			);
			name = PentaphorTests;
			packageProductDependencies = (
				69D9E93AA1B0FAA6F5BD8A02 /* PentaphorCore */,
			);
			productName = PentaphorTests;
			productReference = 9D4A89B7837B2039071982F2 /* PentaphorTests.xctest */;
			productType = "com.apple.product-type.bundle.unit-test";
		};
		4374704BD7617C27D298879C /* PentaphorUITests */ = {
			isa = PBXNativeTarget;
			buildConfigurationList = 3D4B479F554930BD8AE9B805 /* Build configuration list for PBXNativeTarget "PentaphorUITests" */;
			buildPhases = (
				E2AFC2127F8D092B6084181D /* Sources */,
			);
			buildRules = (
			);
			dependencies = (
				A54E2A9C53A9303DA2A66A41 /* PBXTargetDependency */,
			);
			name = PentaphorUITests;
			packageProductDependencies = (
			);
			productName = PentaphorUITests;
			productReference = 7E5918AE8BCE44A2D56E6B02 /* PentaphorUITests.xctest */;
			productType = "com.apple.product-type.bundle.ui-testing";
		};
		7C981CBBEC49B3B7B01D8248 /* Pentaphor */ = {
			isa = PBXNativeTarget;
			buildConfigurationList = 45F3DC0BED27242070C0B36A /* Build configuration list for PBXNativeTarget "Pentaphor" */;
			buildPhases = (
				4A4B87F1E1B32B612940D225 /* Sources */,
				7575B6A6415751AA0DCDD1D7 /* Resources */,
				1604789D221D293822D8E893 /* Frameworks */,
			);
			buildRules = (
			);
			dependencies = (
			);
			name = Pentaphor;
			packageProductDependencies = (
				905F37A675A3DBB2F2B2103A /* PentaphorCore */,
			);
			productName = Pentaphor;
			productReference = F5610A031D72700BCAD1F211 /* Pentaphor.app */;
			productType = "com.apple.product-type.application";
		};
/* End PBXNativeTarget section */

/* Begin PBXProject section */
		AF6CFF5342321D43C97A096E /* Project object */ = {
			isa = PBXProject;
			attributes = {
				BuildIndependentTargetsInParallel = YES;
				LastUpgradeCheck = 1430;
				TargetAttributes = {
					4374704BD7617C27D298879C = {
						TestTargetID = 7C981CBBEC49B3B7B01D8248;
					};
					7C981CBBEC49B3B7B01D8248 = {
						DevelopmentTeam = NX53XT8XMU;
						ProvisioningStyle = Automatic;
					};
				};
			};
			buildConfigurationList = 7D61C8AA7A6B1867AD50F186 /* Build configuration list for PBXProject "Pentaphor" */;
			developmentRegion = en;
			hasScannedForEncodings = 0;
			knownRegions = (
				Base,
				en,
			);
			mainGroup = 0AE0DB447DEC9DC132DF91D6;
			minimizedProjectReferenceProxies = 1;
			packageReferences = (
				02CF38ED5DA81A2C60CECB31 /* XCLocalSwiftPackageReference "Packages/PentaphorCore" */,
			);
			preferredProjectObjectVersion = 77;
			productRefGroup = 0ED2145FB877ED285147A872 /* Products */;
			projectDirPath = "";
			projectRoot = "";
			targets = (
				7C981CBBEC49B3B7B01D8248 /* Pentaphor */,
				0E8F553761F2A75F360C9565 /* PentaphorTests */,
				4374704BD7617C27D298879C /* PentaphorUITests */,
			);
		};
/* End PBXProject section */

/* Begin PBXResourcesBuildPhase section */
		7575B6A6415751AA0DCDD1D7 /* Resources */ = {
			isa = PBXResourcesBuildPhase;
			buildActionMask = 2147483647;
			files = (
				D70426D0882EB7AB111B1907 /* Assets.xcassets in Resources */,
				4218EE3742324BBED4076C8D /* art-catalog.json in Resources */,
				11E3C3A51166CBCDE764CABD /* badminton.png in Resources */,
				DEF63A6E43646E347F98FF14 /* baking.png in Resources */,
				19D2B57FFFDCA082EDBB3CF6 /* basketball.png in Resources */,
				95A0CD95D613198450AC50B0 /* bathing.png in Resources */,
				0AE200394280A29CCDF609D0 /* bathroom-cleaning.png in Resources */,
				9DB0CDBB783F0BCA43C13A6F /* bed-making.png in Resources */,
				EE7B0F510466AEFEB631B72A /* boxing.png in Resources */,
				7541B3809FC1FD84F1E018A5 /* calling.png in Resources */,
				9895CDA296C15E09E04513EA /* camping.png in Resources */,
				593ABACBF376559768FFE557 /* chess.png in Resources */,
				CF9F6B174918D9A5538072E0 /* childcare.png in Resources */,
				73B1107751455986AFBA7B66 /* cleaning.png in Resources */,
				87EFD68DD8DB92151464874C /* climbing.png in Resources */,
				158E20FCC6EF40A81EADFCDB /* coding.png in Resources */,
				9AF6172BCDB7C44D1972AEBD /* cooking.png in Resources */,
				BCD38391EA0058400C3F7C0A /* cycling.png in Resources */,
				1F06E036E2AA54DA9B63EF70 /* dancing.png in Resources */,
				7BC19B95327C7993AB86BAA9 /* dishwashing.png in Resources */,
				BD536DA8890BF2AC034C8B88 /* dog-walking.png in Resources */,
				BF7EEEBE7BE36117D17FC98B /* drawing.png in Resources */,
				AB806C916ED008823A8B229C /* fishing.png in Resources */,
				85AD454CD34FA7E385C93397 /* groceries.png in Resources */,
				3301C0D6DB06CDBD1CB8254F /* hiking.png in Resources */,
				A9E997D09ACF00916A46FDA8 /* hydration.png in Resources */,
				5F7114D2105AB002EAB39196 /* ironing.png in Resources */,
				E6BB7786EAB1DCBB65A3B944 /* journaling.png in Resources */,
				A4B97CD5699EA4E2516069DA /* jump-rope.png in Resources */,
				3B42557F010D03CBF4C96180 /* knitting.png in Resources */,
				D9345A8A3803188728A2AD8A /* language-practice.png in Resources */,
				5175BD7DE4B8AB977D3BA88D /* laundry.png in Resources */,
				F8327AF721CD164D76F10AED /* litter-picking.png in Resources */,
				9A53076A32DFFCEEA8C2214C /* meditation.png in Resources */,
				827C6799C8CDCF65BF7FD166 /* meeting-friends.png in Resources */,
				F5E5F2DE6BDF3BB5577201A0 /* museum.png in Resources */,
				435B9178564F046F4B3313FD /* music.png in Resources */,
				AFEA5D3190D25A49C4A568FF /* organizing.png in Resources */,
				CD2B7812AFB3D9E1E1A6FC2F /* outfit.png in Resources */,
				F5CA19178D7E2F8152F13BCC /* pet-feeding.png in Resources */,
				D81A76674858C5211BB7CD18 /* photography.png in Resources */,
				4A0EF2778DDCEA61DB34267E /* piano.png in Resources */,
				74AA3877ED7A6C786ECB1244 /* plant-care.png in Resources */,
				4D5B2F71DEF5EDE12AA0EC02 /* pottery.png in Resources */,
				7046DEA2D7B1443F164F733F /* public-speaking.png in Resources */,
				69D89E4AE6880F388E56936F /* push-ups.png in Resources */,
				301085A0E36C71009AEB2877 /* reading.png in Resources */,
				161C97AFCAB7059AD69BF06E /* recycling.png in Resources */,
				5836737AB3280EEB4BD30619 /* running.png in Resources */,
				4F18981D9312BAABD0D79201 /* skincare.png in Resources */,
				2A7B39A3249BF08B877881DC /* sleeping.png in Resources */,
				F1268D4AC82EF25E58B839E1 /* stargazing.png in Resources */,
				D8CA9C6C8178C950A777DEF9 /* strength.png in Resources */,
				FB09E954E1BAB481DD2ABA6B /* stretching.png in Resources */,
				FA72F0DC25501FB96FC1F326 /* studying.png in Resources */,
				D6AAA377757C964A1906EAFE /* swimming.png in Resources */,
				C9D8D6766977706558CDFA27 /* tennis.png in Resources */,
				DF17B11B74DE93E153F8D534 /* toothbrushing.png in Resources */,
				C4AA72F63D81CE449D7AC054 /* travel.png in Resources */,
				E03602418287949E100038B6 /* vacuuming.png in Resources */,
				181B6719B9A8F22D69535491 /* walking.png in Resources */,
				FFE1E0DAE6A2503C3111D46C /* yoga.png in Resources */,
			);
			runOnlyForDeploymentPostprocessing = 0;
		};
/* End PBXResourcesBuildPhase section */

/* Begin PBXSourcesBuildPhase section */
		4A4B87F1E1B32B612940D225 /* Sources */ = {
			isa = PBXSourcesBuildPhase;
			buildActionMask = 2147483647;
			files = (
				5B2B24F26FBBFA5805D049E5 /* AchievementView.swift in Sources */,
				1CF0FBBC8EFD6C901EDC0401 /* BrandCopy.swift in Sources */,
				9F4927B38D22CD39ED90F6FC /* DesignSystem.swift in Sources */,
				B0302BF94F6AEEB0E801B27D /* IntroductionView.swift in Sources */,
				EDFE8B3E0AB6815F5F4C0384 /* JournalViews.swift in Sources */,
				7F10873616894A42FB66C3F0 /* LaunchLoadingView.swift in Sources */,
				76C1CC34584B410A0937E5E0 /* ParameterRadar.swift in Sources */,
				0105F2DADC283A35697C9F69 /* PentaphorApp.swift in Sources */,
				3E3FDCBAD07D6F75D626D7BF /* QuestCompletionAction.swift in Sources */,
				8CC784698E562D025D9D4298 /* QuestEditor.swift in Sources */,
				5A5B81B04C6B89F112421214 /* QuestHome.swift in Sources */,
				617E985458248C54953C8EDA /* QuestReminderFields.swift in Sources */,
				CFBD2D7435FB8BB72D0D4279 /* QuestReminderService.swift in Sources */,
				5F6D0AF354D4F9FD1F2FB701 /* ReminderNotificationCenter.swift in Sources */,
				240B27693C2120ECF8A8925B /* SettingsView.swift in Sources */,
				17DD074E52CD5D1A44415072 /* WeeklyRecapCoordinator.swift in Sources */,
				4FDBC92F6A5C2077B8001E64 /* WeeklyRecapUITestScenario.swift in Sources */,
				C7CF7AA7C736144F832D55B7 /* WeeklyRecapView.swift in Sources */,
			);
			runOnlyForDeploymentPostprocessing = 0;
		};
		C7A990FBD0FD2BE7A280312A /* Sources */ = {
			isa = PBXSourcesBuildPhase;
			buildActionMask = 2147483647;
			files = (
				C1E6D4F64F8EF00312E5729D /* QuestCompletionActionTests.swift in Sources */,
				54E90EC70CAE0C5F81F13CFD /* QuestReminderServiceTests.swift in Sources */,
				4F75EE778D14DA665B7DA22A /* WeeklyRecapCoordinatorTests.swift in Sources */,
			);
			runOnlyForDeploymentPostprocessing = 0;
		};
		E2AFC2127F8D092B6084181D /* Sources */ = {
			isa = PBXSourcesBuildPhase;
			buildActionMask = 2147483647;
			files = (
				1F7A676D71B1577C4819F175 /* PentaphorUITests.swift in Sources */,
			);
			runOnlyForDeploymentPostprocessing = 0;
		};
/* End PBXSourcesBuildPhase section */

/* Begin PBXTargetDependency section */
		69452CB02F375E1EDA6C55D7 /* PBXTargetDependency */ = {
			isa = PBXTargetDependency;
			target = 7C981CBBEC49B3B7B01D8248 /* Pentaphor */;
			targetProxy = CC5A862754580005D61A3A4C /* PBXContainerItemProxy */;
		};
		A54E2A9C53A9303DA2A66A41 /* PBXTargetDependency */ = {
			isa = PBXTargetDependency;
			target = 7C981CBBEC49B3B7B01D8248 /* Pentaphor */;
			targetProxy = CFB4E012ACA33A49483B6A6B /* PBXContainerItemProxy */;
		};
/* End PBXTargetDependency section */

/* Begin XCBuildConfiguration section */
		477495881310030A77A155AD /* Release */ = {
			isa = XCBuildConfiguration;
			buildSettings = {
				ASSETCATALOG_COMPILER_APPICON_NAME = AppIcon;
				CODE_SIGN_IDENTITY = "iPhone Developer";
				CODE_SIGN_STYLE = Automatic;
				CURRENT_PROJECT_VERSION = 2;
				DEVELOPMENT_TEAM = NX53XT8XMU;
				GENERATE_INFOPLIST_FILE = YES;
				INFOPLIST_FILE = Pentaphor/Info.plist;
				INFOPLIST_KEY_CFBundleDisplayName = PENTAPHOR;
				INFOPLIST_KEY_UIApplicationSceneManifest_Generation = YES;
				INFOPLIST_KEY_UISupportedInterfaceOrientations = UIInterfaceOrientationPortrait;
				LD_RUNPATH_SEARCH_PATHS = (
					"$(inherited)",
					"@executable_path/Frameworks",
				);
				MARKETING_VERSION = 1.0;
				PRODUCT_BUNDLE_IDENTIFIER = app.pentaphor.personal;
				SDKROOT = iphoneos;
				TARGETED_DEVICE_FAMILY = 1;
			};
			name = Release;
		};
		6DA0233BA2CC02F6351A25A1 /* Debug */ = {
			isa = XCBuildConfiguration;
			buildSettings = {
				BUNDLE_LOADER = "$(TEST_HOST)";
				GENERATE_INFOPLIST_FILE = YES;
				LD_RUNPATH_SEARCH_PATHS = (
					"$(inherited)",
					"@executable_path/Frameworks",
					"@loader_path/Frameworks",
				);
				PRODUCT_BUNDLE_IDENTIFIER = app.pentaphor.PentaphorUITests;
				SDKROOT = iphoneos;
				TARGETED_DEVICE_FAMILY = "1,2";
				TEST_TARGET_NAME = Pentaphor;
			};
			name = Debug;
		};
		95C4DF07152E0982F1D99D2C /* Debug */ = {
			isa = XCBuildConfiguration;
			buildSettings = {
				BUNDLE_LOADER = "$(TEST_HOST)";
				GENERATE_INFOPLIST_FILE = YES;
				LD_RUNPATH_SEARCH_PATHS = (
					"$(inherited)",
					"@executable_path/Frameworks",
					"@loader_path/Frameworks",
				);
				PRODUCT_BUNDLE_IDENTIFIER = app.pentaphor.PentaphorTests;
				SDKROOT = iphoneos;
				TARGETED_DEVICE_FAMILY = "1,2";
				TEST_HOST = "$(BUILT_PRODUCTS_DIR)/Pentaphor.app/Pentaphor";
			};
			name = Debug;
		};
		B63C83B9FAF97B45CEE7C470 /* Debug */ = {
			isa = XCBuildConfiguration;
			buildSettings = {
				ASSETCATALOG_COMPILER_APPICON_NAME = AppIcon;
				CODE_SIGN_IDENTITY = "iPhone Developer";
				CODE_SIGN_STYLE = Automatic;
				CURRENT_PROJECT_VERSION = 2;
				DEVELOPMENT_TEAM = NX53XT8XMU;
				GENERATE_INFOPLIST_FILE = YES;
				INFOPLIST_FILE = Pentaphor/Info.plist;
				INFOPLIST_KEY_CFBundleDisplayName = PENTAPHOR;
				INFOPLIST_KEY_UIApplicationSceneManifest_Generation = YES;
				INFOPLIST_KEY_UISupportedInterfaceOrientations = UIInterfaceOrientationPortrait;
				LD_RUNPATH_SEARCH_PATHS = (
					"$(inherited)",
					"@executable_path/Frameworks",
				);
				MARKETING_VERSION = 1.0;
				PRODUCT_BUNDLE_IDENTIFIER = app.pentaphor.personal;
				SDKROOT = iphoneos;
				TARGETED_DEVICE_FAMILY = 1;
			};
			name = Debug;
		};
		BCFCB163CBCDEAD5DA996214 /* Debug */ = {
			isa = XCBuildConfiguration;
			buildSettings = {
				ALWAYS_SEARCH_USER_PATHS = NO;
				CLANG_ANALYZER_NONNULL = YES;
				CLANG_ANALYZER_NUMBER_OBJECT_CONVERSION = YES_AGGRESSIVE;
				CLANG_CXX_LANGUAGE_STANDARD = "gnu++14";
				CLANG_CXX_LIBRARY = "libc++";
				CLANG_ENABLE_MODULES = YES;
				CLANG_ENABLE_OBJC_ARC = YES;
				CLANG_ENABLE_OBJC_WEAK = YES;
				CLANG_WARN_BLOCK_CAPTURE_AUTORELEASING = YES;
				CLANG_WARN_BOOL_CONVERSION = YES;
				CLANG_WARN_COMMA = YES;
				CLANG_WARN_CONSTANT_CONVERSION = YES;
				CLANG_WARN_DEPRECATED_OBJC_IMPLEMENTATIONS = YES;
				CLANG_WARN_DIRECT_OBJC_ISA_USAGE = YES_ERROR;
				CLANG_WARN_DOCUMENTATION_COMMENTS = YES;
				CLANG_WARN_EMPTY_BODY = YES;
				CLANG_WARN_ENUM_CONVERSION = YES;
				CLANG_WARN_INFINITE_RECURSION = YES;
				CLANG_WARN_INT_CONVERSION = YES;
				CLANG_WARN_NON_LITERAL_NULL_CONVERSION = YES;
				CLANG_WARN_OBJC_IMPLICIT_RETAIN_SELF = YES;
				CLANG_WARN_OBJC_LITERAL_CONVERSION = YES;
				CLANG_WARN_OBJC_ROOT_CLASS = YES_ERROR;
				CLANG_WARN_QUOTED_INCLUDE_IN_FRAMEWORK_HEADER = YES;
				CLANG_WARN_RANGE_LOOP_ANALYSIS = YES;
				CLANG_WARN_STRICT_PROTOTYPES = YES;
				CLANG_WARN_SUSPICIOUS_MOVE = YES;
				CLANG_WARN_UNGUARDED_AVAILABILITY = YES_AGGRESSIVE;
				CLANG_WARN_UNREACHABLE_CODE = YES;
				CLANG_WARN__DUPLICATE_METHOD_MATCH = YES;
				COPY_PHASE_STRIP = NO;
				DEBUG_INFORMATION_FORMAT = dwarf;
				ENABLE_STRICT_OBJC_MSGSEND = YES;
				ENABLE_TESTABILITY = YES;
				GCC_C_LANGUAGE_STANDARD = gnu11;
				GCC_DYNAMIC_NO_PIC = NO;
				GCC_NO_COMMON_BLOCKS = YES;
				GCC_OPTIMIZATION_LEVEL = 0;
				GCC_PREPROCESSOR_DEFINITIONS = (
					"$(inherited)",
					"DEBUG=1",
				);
				GCC_WARN_64_TO_32_BIT_CONVERSION = YES;
				GCC_WARN_ABOUT_RETURN_TYPE = YES_ERROR;
				GCC_WARN_UNDECLARED_SELECTOR = YES;
				GCC_WARN_UNINITIALIZED_AUTOS = YES_AGGRESSIVE;
				GCC_WARN_UNUSED_FUNCTION = YES;
				GCC_WARN_UNUSED_VARIABLE = YES;
				IPHONEOS_DEPLOYMENT_TARGET = 17.0;
				MTL_ENABLE_DEBUG_INFO = INCLUDE_SOURCE;
				MTL_FAST_MATH = YES;
				ONLY_ACTIVE_ARCH = YES;
				PRODUCT_NAME = "$(TARGET_NAME)";
				SDKROOT = iphoneos;
				SWIFT_ACTIVE_COMPILATION_CONDITIONS = DEBUG;
				SWIFT_OPTIMIZATION_LEVEL = "-Onone";
				SWIFT_VERSION = 6.0;
				TARGETED_DEVICE_FAMILY = 1;
			};
			name = Debug;
		};
		E8FF23E49756F7852B078317 /* Release */ = {
			isa = XCBuildConfiguration;
			buildSettings = {
				BUNDLE_LOADER = "$(TEST_HOST)";
				GENERATE_INFOPLIST_FILE = YES;
				LD_RUNPATH_SEARCH_PATHS = (
					"$(inherited)",
					"@executable_path/Frameworks",
					"@loader_path/Frameworks",
				);
				PRODUCT_BUNDLE_IDENTIFIER = app.pentaphor.PentaphorUITests;
				SDKROOT = iphoneos;
				TARGETED_DEVICE_FAMILY = "1,2";
				TEST_TARGET_NAME = Pentaphor;
			};
			name = Release;
		};
		F2E96BDB8BB2773B5EED9867 /* Release */ = {
			isa = XCBuildConfiguration;
			buildSettings = {
				ALWAYS_SEARCH_USER_PATHS = NO;
				CLANG_ANALYZER_NONNULL = YES;
				CLANG_ANALYZER_NUMBER_OBJECT_CONVERSION = YES_AGGRESSIVE;
				CLANG_CXX_LANGUAGE_STANDARD = "gnu++14";
				CLANG_CXX_LIBRARY = "libc++";
				CLANG_ENABLE_MODULES = YES;
				CLANG_ENABLE_OBJC_ARC = YES;
				CLANG_ENABLE_OBJC_WEAK = YES;
				CLANG_WARN_BLOCK_CAPTURE_AUTORELEASING = YES;
				CLANG_WARN_BOOL_CONVERSION = YES;
				CLANG_WARN_COMMA = YES;
				CLANG_WARN_CONSTANT_CONVERSION = YES;
				CLANG_WARN_DEPRECATED_OBJC_IMPLEMENTATIONS = YES;
				CLANG_WARN_DIRECT_OBJC_ISA_USAGE = YES_ERROR;
				CLANG_WARN_DOCUMENTATION_COMMENTS = YES;
				CLANG_WARN_EMPTY_BODY = YES;
				CLANG_WARN_ENUM_CONVERSION = YES;
				CLANG_WARN_INFINITE_RECURSION = YES;
				CLANG_WARN_INT_CONVERSION = YES;
				CLANG_WARN_NON_LITERAL_NULL_CONVERSION = YES;
				CLANG_WARN_OBJC_IMPLICIT_RETAIN_SELF = YES;
				CLANG_WARN_OBJC_LITERAL_CONVERSION = YES;
				CLANG_WARN_OBJC_ROOT_CLASS = YES_ERROR;
				CLANG_WARN_QUOTED_INCLUDE_IN_FRAMEWORK_HEADER = YES;
				CLANG_WARN_RANGE_LOOP_ANALYSIS = YES;
				CLANG_WARN_STRICT_PROTOTYPES = YES;
				CLANG_WARN_SUSPICIOUS_MOVE = YES;
				CLANG_WARN_UNGUARDED_AVAILABILITY = YES_AGGRESSIVE;
				CLANG_WARN_UNREACHABLE_CODE = YES;
				CLANG_WARN__DUPLICATE_METHOD_MATCH = YES;
				COPY_PHASE_STRIP = NO;
				DEBUG_INFORMATION_FORMAT = "dwarf-with-dsym";
				ENABLE_NS_ASSERTIONS = NO;
				ENABLE_STRICT_OBJC_MSGSEND = YES;
				GCC_C_LANGUAGE_STANDARD = gnu11;
				GCC_NO_COMMON_BLOCKS = YES;
				GCC_WARN_64_TO_32_BIT_CONVERSION = YES;
				GCC_WARN_ABOUT_RETURN_TYPE = YES_ERROR;
				GCC_WARN_UNDECLARED_SELECTOR = YES;
				GCC_WARN_UNINITIALIZED_AUTOS = YES_AGGRESSIVE;
				GCC_WARN_UNUSED_FUNCTION = YES;
				GCC_WARN_UNUSED_VARIABLE = YES;
				IPHONEOS_DEPLOYMENT_TARGET = 17.0;
				MTL_ENABLE_DEBUG_INFO = NO;
				MTL_FAST_MATH = YES;
				PRODUCT_NAME = "$(TARGET_NAME)";
				SDKROOT = iphoneos;
				SWIFT_COMPILATION_MODE = wholemodule;
				SWIFT_OPTIMIZATION_LEVEL = "-O";
				SWIFT_VERSION = 6.0;
				TARGETED_DEVICE_FAMILY = 1;
			};
			name = Release;
		};
		F57BC8117D38C6677437EA19 /* Release */ = {
			isa = XCBuildConfiguration;
			buildSettings = {
				BUNDLE_LOADER = "$(TEST_HOST)";
				GENERATE_INFOPLIST_FILE = YES;
				LD_RUNPATH_SEARCH_PATHS = (
					"$(inherited)",
					"@executable_path/Frameworks",
					"@loader_path/Frameworks",
				);
				PRODUCT_BUNDLE_IDENTIFIER = app.pentaphor.PentaphorTests;
				SDKROOT = iphoneos;
				TARGETED_DEVICE_FAMILY = "1,2";
				TEST_HOST = "$(BUILT_PRODUCTS_DIR)/Pentaphor.app/Pentaphor";
			};
			name = Release;
		};
/* End XCBuildConfiguration section */

/* Begin XCConfigurationList section */
		3D4B479F554930BD8AE9B805 /* Build configuration list for PBXNativeTarget "PentaphorUITests" */ = {
			isa = XCConfigurationList;
			buildConfigurations = (
				6DA0233BA2CC02F6351A25A1 /* Debug */,
				E8FF23E49756F7852B078317 /* Release */,
			);
			defaultConfigurationIsVisible = 0;
			defaultConfigurationName = Debug;
		};
		45F3DC0BED27242070C0B36A /* Build configuration list for PBXNativeTarget "Pentaphor" */ = {
			isa = XCConfigurationList;
			buildConfigurations = (
				B63C83B9FAF97B45CEE7C470 /* Debug */,
				477495881310030A77A155AD /* Release */,
			);
			defaultConfigurationIsVisible = 0;
			defaultConfigurationName = Debug;
		};
		76AA56FDB9F0CD93803895A2 /* Build configuration list for PBXNativeTarget "PentaphorTests" */ = {
			isa = XCConfigurationList;
			buildConfigurations = (
				95C4DF07152E0982F1D99D2C /* Debug */,
				F57BC8117D38C6677437EA19 /* Release */,
			);
			defaultConfigurationIsVisible = 0;
			defaultConfigurationName = Debug;
		};
		7D61C8AA7A6B1867AD50F186 /* Build configuration list for PBXProject "Pentaphor" */ = {
			isa = XCConfigurationList;
			buildConfigurations = (
				BCFCB163CBCDEAD5DA996214 /* Debug */,
				F2E96BDB8BB2773B5EED9867 /* Release */,
			);
			defaultConfigurationIsVisible = 0;
			defaultConfigurationName = Debug;
		};
/* End XCConfigurationList section */

/* Begin XCLocalSwiftPackageReference section */
		02CF38ED5DA81A2C60CECB31 /* XCLocalSwiftPackageReference "Packages/PentaphorCore" */ = {
			isa = XCLocalSwiftPackageReference;
			relativePath = Packages/PentaphorCore;
		};
/* End XCLocalSwiftPackageReference section */

/* Begin XCSwiftPackageProductDependency section */
		69D9E93AA1B0FAA6F5BD8A02 /* PentaphorCore */ = {
			isa = XCSwiftPackageProductDependency;
			productName = PentaphorCore;
		};
		905F37A675A3DBB2F2B2103A /* PentaphorCore */ = {
			isa = XCSwiftPackageProductDependency;
			productName = PentaphorCore;
		};
/* End XCSwiftPackageProductDependency section */
	};
	rootObject = AF6CFF5342321D43C97A096E /* Project object */;
}
